
Microsoft Visual Studio Solution File, Format Version 12.00
# Visual Studio Version 17
VisualStudioVersion = 17.10.35122.118
MinimumVisualStudioVersion = 10.0.40219.1
Project("{FAE04EC0-301F-11D3-BF4B-00C04F79EFBC}") = "ConsoleAcross", "ConsoleAcross\ConsoleAcross.csproj", "{C33466A9-D828-41A1-B9AB-EBAA92ACB2C6}"
EndProject
Project("{FAE04EC0-301F-11D3-BF4B-00C04F79EFBC}") = "DownAcross.Test", "DownAcross.Test\DownAcross.Test.csproj", "{FA67A00A-CD0C-498E-AE03-7BF758674241}"
EndProject
Global
	GlobalSection(SolutionConfigurationPlatforms) = preSolution
		Debug|Any CPU = Debug|Any CPU
		Release|Any CPU = Release|Any CPU
	EndGlobalSection
	GlobalSection(ProjectConfigurationPlatforms) = postSolution
		{C33466A9-D828-41A1-B9AB-EBAA92ACB2C6}.Debug|Any CPU.ActiveCfg = Debug|Any CPU
		{C33466A9-D828-41A1-B9AB-EBAA92ACB2C6}.Debug|Any CPU.Build.0 = Debug|Any CPU
		{C33466A9-D828-41A1-B9AB-EBAA92ACB2C6}.Release|Any CPU.ActiveCfg = Release|Any CPU
		{C33466A9-D828-41A1-B9AB-EBAA92ACB2C6}.Release|Any CPU.Build.0 = Release|Any CPU
		{FA67A00A-CD0C-498E-AE03-7BF758674241}.Debug|Any CPU.ActiveCfg = Debug|Any CPU
		{FA67A00A-CD0C-498E-AE03-7BF758674241}.Debug|Any CPU.Build.0 = Debug|Any CPU
		{FA67A00A-CD0C-498E-AE03-7BF758674241}.Release|Any CPU.ActiveCfg = Release|Any CPU
		{FA67A00A-CD0C-498E-AE03-7BF758674241}.Release|Any CPU.Build.0 = Release|Any CPU
	EndGlobalSection
	GlobalSection(SolutionProperties) = preSolution
		HideSolutionNode = FALSE
	EndGlobalSection
	GlobalSection(ExtensibilityGlobals) = postSolution
		SolutionGuid = {34E97F59-51AB-4312-9410-26E125ED1AB7}
	EndGlobalSection
EndGlobal
